
Microsoft Visual Studio Solution File, Format Version 12.00
# Visual Studio 15
VisualStudioVersion = 15.0.26124.0
MinimumVisualStudioVersion = 15.0.26124.0
Project("{FAE04EC0-301F-11D3-BF4B-00C04F79EFBC}") = "Domain", "Domain\Domain.csproj", "{27A1C9A1-1FE3-4B8C-8579-6D4C3AEB5BD0}"
EndProject
Project("{FAE04EC0-301F-11D3-BF4B-00C04F79EFBC}") = "Application", "Application\Application.csproj", "{C689706F-6DE7-4E34-ABCB-BCDCB1B8D954}"
EndProject
Project("{FAE04EC0-301F-11D3-BF4B-00C04F79EFBC}") = "Persistence", "Persistence\Persistence.csproj", "{6512F5E0-F7B3-48D1-8307-F4B1003545C4}"
EndProject
Project("{FAE04EC0-301F-11D3-BF4B-00C04F79EFBC}") = "API", "API\API.csproj", "{14CB11FA-C209-4EFC-9323-517AC189CD1A}"
EndProject
Project("{FAE04EC0-301F-11D3-BF4B-00C04F79EFBC}") = "Infrastructure", "Infrastructure\Infrastructure.csproj", "{31B3191D-D0E9-49D3-8501-B6C2CE979E81}"
EndProject
Global
	GlobalSection(SolutionConfigurationPlatforms) = preSolution
		Debug|Any CPU = Debug|Any CPU
		Debug|x64 = Debug|x64
		Debug|x86 = Debug|x86
		Release|Any CPU = Release|Any CPU
		Release|x64 = Release|x64
		Release|x86 = Release|x86
	EndGlobalSection
	GlobalSection(SolutionProperties) = preSolution
		HideSolutionNode = FALSE
	EndGlobalSection
	GlobalSection(ProjectConfigurationPlatforms) = postSolution
		{27A1C9A1-1FE3-4B8C-8579-6D4C3AEB5BD0}.Debug|Any CPU.ActiveCfg = Debug|Any CPU
		{27A1C9A1-1FE3-4B8C-8579-6D4C3AEB5BD0}.Debug|Any CPU.Build.0 = Debug|Any CPU
		{27A1C9A1-1FE3-4B8C-8579-6D4C3AEB5BD0}.Debug|x64.ActiveCfg = Debug|Any CPU
		{27A1C9A1-1FE3-4B8C-8579-6D4C3AEB5BD0}.Debug|x64.Build.0 = Debug|Any CPU
		{27A1C9A1-1FE3-4B8C-8579-6D4C3AEB5BD0}.Debug|x86.ActiveCfg = Debug|Any CPU
		{27A1C9A1-1FE3-4B8C-8579-6D4C3AEB5BD0}.Debug|x86.Build.0 = Debug|Any CPU
		{27A1C9A1-1FE3-4B8C-8579-6D4C3AEB5BD0}.Release|Any CPU.ActiveCfg = Release|Any CPU
		{27A1C9A1-1FE3-4B8C-8579-6D4C3AEB5BD0}.Release|Any CPU.Build.0 = Release|Any CPU
		{27A1C9A1-1FE3-4B8C-8579-6D4C3AEB5BD0}.Release|x64.ActiveCfg = Release|Any CPU
		{27A1C9A1-1FE3-4B8C-8579-6D4C3AEB5BD0}.Release|x64.Build.0 = Release|Any CPU
		{27A1C9A1-1FE3-4B8C-8579-6D4C3AEB5BD0}.Release|x86.ActiveCfg = Release|Any CPU
		{27A1C9A1-1FE3-4B8C-8579-6D4C3AEB5BD0}.Release|x86.Build.0 = Release|Any CPU
		{C689706F-6DE7-4E34-ABCB-BCDCB1B8D954}.Debug|Any CPU.ActiveCfg = Debug|Any CPU
		{C689706F-6DE7-4E34-ABCB-BCDCB1B8D954}.Debug|Any CPU.Build.0 = Debug|Any CPU
		{C689706F-6DE7-4E34-ABCB-BCDCB1B8D954}.Debug|x64.ActiveCfg = Debug|Any CPU
		{C689706F-6DE7-4E34-ABCB-BCDCB1B8D954}.Debug|x64.Build.0 = Debug|Any CPU
		{C689706F-6DE7-4E34-ABCB-BCDCB1B8D954}.Debug|x86.ActiveCfg = Debug|Any CPU
		{C689706F-6DE7-4E34-ABCB-BCDCB1B8D954}.Debug|x86.Build.0 = Debug|Any CPU
		{C689706F-6DE7-4E34-ABCB-BCDCB1B8D954}.Release|Any CPU.ActiveCfg = Release|Any CPU
		{C689706F-6DE7-4E34-ABCB-BCDCB1B8D954}.Release|Any CPU.Build.0 = Release|Any CPU
		{C689706F-6DE7-4E34-ABCB-BCDCB1B8D954}.Release|x64.ActiveCfg = Release|Any CPU
		{C689706F-6DE7-4E34-ABCB-BCDCB1B8D954}.Release|x64.Build.0 = Release|Any CPU
		{C689706F-6DE7-4E34-ABCB-BCDCB1B8D954}.Release|x86.ActiveCfg = Release|Any CPU
		{C689706F-6DE7-4E34-ABCB-BCDCB1B8D954}.Release|x86.Build.0 = Release|Any CPU
		{6512F5E0-F7B3-48D1-8307-F4B1003545C4}.Debug|Any CPU.ActiveCfg = Debug|Any CPU
		{6512F5E0-F7B3-48D1-8307-F4B1003545C4}.Debug|Any CPU.Build.0 = Debug|Any CPU
		{6512F5E0-F7B3-48D1-8307-F4B1003545C4}.Debug|x64.ActiveCfg = Debug|Any CPU
		{6512F5E0-F7B3-48D1-8307-F4B1003545C4}.Debug|x64.Build.0 = Debug|Any CPU
		{6512F5E0-F7B3-48D1-8307-F4B1003545C4}.Debug|x86.ActiveCfg = Debug|Any CPU
		{6512F5E0-F7B3-48D1-8307-F4B1003545C4}.Debug|x86.Build.0 = Debug|Any CPU
		{6512F5E0-F7B3-48D1-8307-F4B1003545C4}.Release|Any CPU.ActiveCfg = Release|Any CPU
		{6512F5E0-F7B3-48D1-8307-F4B1003545C4}.Release|Any CPU.Build.0 = Release|Any CPU
		{6512F5E0-F7B3-48D1-8307-F4B1003545C4}.Release|x64.ActiveCfg = Release|Any CPU
		{6512F5E0-F7B3-48D1-8307-F4B1003545C4}.Release|x64.Build.0 = Release|Any CPU
		{6512F5E0-F7B3-48D1-8307-F4B1003545C4}.Release|x86.ActiveCfg = Release|Any CPU
		{6512F5E0-F7B3-48D1-8307-F4B1003545C4}.Release|x86.Build.0 = Release|Any CPU
		{14CB11FA-C209-4EFC-9323-517AC189CD1A}.Debug|Any CPU.ActiveCfg = Debug|Any CPU
		{14CB11FA-C209-4EFC-9323-517AC189CD1A}.Debug|Any CPU.Build.0 = Debug|Any CPU
		{14CB11FA-C209-4EFC-9323-517AC189CD1A}.Debug|x64.ActiveCfg = Debug|Any CPU
		{14CB11FA-C209-4EFC-9323-517AC189CD1A}.Debug|x64.Build.0 = Debug|Any CPU
		{14CB11FA-C209-4EFC-9323-517AC189CD1A}.Debug|x86.ActiveCfg = Debug|Any CPU
		{14CB11FA-C209-4EFC-9323-517AC189CD1A}.Debug|x86.Build.0 = Debug|Any CPU
		{14CB11FA-C209-4EFC-9323-517AC189CD1A}.Release|Any CPU.ActiveCfg = Release|Any CPU
		{14CB11FA-C209-4EFC-9323-517AC189CD1A}.Release|Any CPU.Build.0 = Release|Any CPU
		{14CB11FA-C209-4EFC-9323-517AC189CD1A}.Release|x64.ActiveCfg = Release|Any CPU
		{14CB11FA-C209-4EFC-9323-517AC189CD1A}.Release|x64.Build.0 = Release|Any CPU
		{14CB11FA-C209-4EFC-9323-517AC189CD1A}.Release|x86.ActiveCfg = Release|Any CPU
		{14CB11FA-C209-4EFC-9323-517AC189CD1A}.Release|x86.Build.0 = Release|Any CPU
		{31B3191D-D0E9-49D3-8501-B6C2CE979E81}.Debug|Any CPU.ActiveCfg = Debug|Any CPU
		{31B3191D-D0E9-49D3-8501-B6C2CE979E81}.Debug|Any CPU.Build.0 = Debug|Any CPU
		{31B3191D-D0E9-49D3-8501-B6C2CE979E81}.Debug|x64.ActiveCfg = Debug|Any CPU
		{31B3191D-D0E9-49D3-8501-B6C2CE979E81}.Debug|x64.Build.0 = Debug|Any CPU
		{31B3191D-D0E9-49D3-8501-B6C2CE979E81}.Debug|x86.ActiveCfg = Debug|Any CPU
		{31B3191D-D0E9-49D3-8501-B6C2CE979E81}.Debug|x86.Build.0 = Debug|Any CPU
		{31B3191D-D0E9-49D3-8501-B6C2CE979E81}.Release|Any CPU.ActiveCfg = Release|Any CPU
		{31B3191D-D0E9-49D3-8501-B6C2CE979E81}.Release|Any CPU.Build.0 = Release|Any CPU
		{31B3191D-D0E9-49D3-8501-B6C2CE979E81}.Release|x64.ActiveCfg = Release|Any CPU
		{31B3191D-D0E9-49D3-8501-B6C2CE979E81}.Release|x64.Build.0 = Release|Any CPU
		{31B3191D-D0E9-49D3-8501-B6C2CE979E81}.Release|x86.ActiveCfg = Release|Any CPU
		{31B3191D-D0E9-49D3-8501-B6C2CE979E81}.Release|x86.Build.0 = Release|Any CPU
	EndGlobalSection
EndGlobal
